// !$*UTF8*$!
{
	archiveVersion = 1;
	classes = {
	};
	objectVersion = 56;
	objects = {

/* Begin PBXBuildFile section */
		437D7CFD2989BADD00630709 /* CryptoPricesApp.swift in Sources */ = {isa = PBXBuildFile; fileRef = 437D7CFC2989BADD00630709 /* CryptoPricesApp.swift */; };
		437D7D012989BADD00630709 /* Assets.xcassets in Resources */ = {isa = PBXBuildFile; fileRef = 437D7D002989BADD00630709 /* Assets.xcassets */; };
		437D7D042989BADD00630709 /* Preview Assets.xcassets in Resources */ = {isa = PBXBuildFile; fileRef = 437D7D032989BADD00630709 /* Preview Assets.xcassets */; };
		437D7D132989BCA300630709 /* HomeView.swift in Sources */ = {isa = PBXBuildFile; fileRef = 437D7D122989BCA300630709 /* HomeView.swift */; };
		437D7D152989BD9B00630709 /* TopMoversView.swift in Sources */ = {isa = PBXBuildFile; fileRef = 437D7D142989BD9B00630709 /* TopMoversView.swift */; };
		437D7D172989BDB400630709 /* TopMoversItemView.swift in Sources */ = {isa = PBXBuildFile; fileRef = 437D7D162989BDB400630709 /* TopMoversItemView.swift */; };
		437D7D1A2989C30600630709 /* AllCoinsView.swift in Sources */ = {isa = PBXBuildFile; fileRef = 437D7D192989C30600630709 /* AllCoinsView.swift */; };
		437D7D1C2989C31600630709 /* CoinRowView.swift in Sources */ = {isa = PBXBuildFile; fileRef = 437D7D1B2989C31600630709 /* CoinRowView.swift */; };
		437D7D1E2989D09400630709 /* HomeViewModel.swift in Sources */ = {isa = PBXBuildFile; fileRef = 437D7D1D2989D09400630709 /* HomeViewModel.swift */; };
		437D7D202989D35B00630709 /* Coin.swift in Sources */ = {isa = PBXBuildFile; fileRef = 437D7D1F2989D35B00630709 /* Coin.swift */; };
		437D7D232989DD9A00630709 /* Kingfisher in Frameworks */ = {isa = PBXBuildFile; productRef = 437D7D222989DD9A00630709 /* Kingfisher */; };
		437D7D252989DE6A00630709 /* Double.swift in Sources */ = {isa = PBXBuildFile; fileRef = 437D7D242989DE6A00630709 /* Double.swift */; };
/* End PBXBuildFile section */

/* Begin PBXFileReference section */
		437D7CF92989BADD00630709 /* CryptoPrices.app */ = {isa = PBXFileReference; explicitFileType = wrapper.application; includeInIndex = 0; path = CryptoPrices.app; sourceTree = BUILT_PRODUCTS_DIR; };
		437D7CFC2989BADD00630709 /* CryptoPricesApp.swift */ = {isa = PBXFileReference; lastKnownFileType = sourcecode.swift; path = CryptoPricesApp.swift; sourceTree = "<group>"; };
		437D7D002989BADD00630709 /* Assets.xcassets */ = {isa = PBXFileReference; lastKnownFileType = folder.assetcatalog; path = Assets.xcassets; sourceTree = "<group>"; };
		437D7D032989BADD00630709 /* Preview Assets.xcassets */ = {isa = PBXFileReference; lastKnownFileType = folder.assetcatalog; path = "Preview Assets.xcassets"; sourceTree = "<group>"; };
		437D7D122989BCA300630709 /* HomeView.swift */ = {isa = PBXFileReference; lastKnownFileType = sourcecode.swift; path = HomeView.swift; sourceTree = "<group>"; };
		437D7D142989BD9B00630709 /* TopMoversView.swift */ = {isa = PBXFileReference; lastKnownFileType = sourcecode.swift; path = TopMoversView.swift; sourceTree = "<group>"; };
		437D7D162989BDB400630709 /* TopMoversItemView.swift */ = {isa = PBXFileReference; lastKnownFileType = sourcecode.swift; path = TopMoversItemView.swift; sourceTree = "<group>"; };
		437D7D192989C30600630709 /* AllCoinsView.swift */ = {isa = PBXFileReference; lastKnownFileType = sourcecode.swift; path = AllCoinsView.swift; sourceTree = "<group>"; };
		437D7D1B2989C31600630709 /* CoinRowView.swift */ = {isa = PBXFileReference; lastKnownFileType = sourcecode.swift; path = CoinRowView.swift; sourceTree = "<group>"; };
		437D7D1D2989D09400630709 /* HomeViewModel.swift */ = {isa = PBXFileReference; lastKnownFileType = sourcecode.swift; path = HomeViewModel.swift; sourceTree = "<group>"; };
		437D7D1F2989D35B00630709 /* Coin.swift */ = {isa = PBXFileReference; lastKnownFileType = sourcecode.swift; path = Coin.swift; sourceTree = "<group>"; };
		437D7D242989DE6A00630709 /* Double.swift */ = {isa = PBXFileReference; lastKnownFileType = sourcecode.swift; path = Double.swift; sourceTree = "<group>"; };
/* End PBXFileReference section */

/* Begin PBXFrameworksBuildPhase section */
		437D7CF62989BADD00630709 /* Frameworks */ = {
			isa = PBXFrameworksBuildPhase;
			buildActionMask = 2147483647;
			files = (
				437D7D232989DD9A00630709 /* Kingfisher in Frameworks */,
			);
			runOnlyForDeploymentPostprocessing = 0;
		};
/* End PBXFrameworksBuildPhase section */

/* Begin PBXGroup section */
		437D7CF02989BADD00630709 = {
			isa = PBXGroup;
			children = (
				437D7CFB2989BADD00630709 /* CryptoPrices */,
				437D7CFA2989BADD00630709 /* Products */,
			);
			sourceTree = "<group>";
		};
		437D7CFA2989BADD00630709 /* Products */ = {
			isa = PBXGroup;
			children = (
				437D7CF92989BADD00630709 /* CryptoPrices.app */,
			);
			name = Products;
			sourceTree = "<group>";
		};
		437D7CFB2989BADD00630709 /* CryptoPrices */ = {
			isa = PBXGroup;
			children = (
				437D7D0E2989BBF300630709 /* Utils */,
				437D7D0D2989BBF100630709 /* Extensions */,
				437D7D0C2989BBEF00630709 /* Models */,
				437D7D0B2989BBED00630709 /* Core */,
				437D7D0A2989BBEB00630709 /* App */,
				437D7D002989BADD00630709 /* Assets.xcassets */,
				437D7D022989BADD00630709 /* Preview Content */,
			);
			path = CryptoPrices;
			sourceTree = "<group>";
		};
		437D7D022989BADD00630709 /* Preview Content */ = {
			isa = PBXGroup;
			children = (
				437D7D032989BADD00630709 /* Preview Assets.xcassets */,
			);
			path = "Preview Content";
			sourceTree = "<group>";
		};
		437D7D0A2989BBEB00630709 /* App */ = {
			isa = PBXGroup;
			children = (
				437D7CFC2989BADD00630709 /* CryptoPricesApp.swift */,
			);
			path = App;
			sourceTree = "<group>";
		};
		437D7D0B2989BBED00630709 /* Core */ = {
			isa = PBXGroup;
			children = (
				437D7D0F2989BC3A00630709 /* Home */,
			);
			path = Core;
			sourceTree = "<group>";
		};
		437D7D0C2989BBEF00630709 /* Models */ = {
			isa = PBXGroup;
			children = (
				437D7D1F2989D35B00630709 /* Coin.swift */,
			);
			path = Models;
			sourceTree = "<group>";
		};
		437D7D0D2989BBF100630709 /* Extensions */ = {
			isa = PBXGroup;
			children = (
				437D7D242989DE6A00630709 /* Double.swift */,
			);
			path = Extensions;
			sourceTree = "<group>";
		};
		437D7D0E2989BBF300630709 /* Utils */ = {
			isa = PBXGroup;
			children = (
			);
			path = Utils;
			sourceTree = "<group>";
		};
		437D7D0F2989BC3A00630709 /* Home */ = {
			isa = PBXGroup;
			children = (
				437D7D102989BC7900630709 /* Views */,
				437D7D112989BC7F00630709 /* ViewModel */,
			);
			path = Home;
			sourceTree = "<group>";
		};
		437D7D102989BC7900630709 /* Views */ = {
			isa = PBXGroup;
			children = (
				437D7D122989BCA300630709 /* HomeView.swift */,
				437D7D142989BD9B00630709 /* TopMoversView.swift */,
				437D7D162989BDB400630709 /* TopMoversItemView.swift */,
				437D7D192989C30600630709 /* AllCoinsView.swift */,
				437D7D1B2989C31600630709 /* CoinRowView.swift */,
			);
			path = Views;
			sourceTree = "<group>";
		};
		437D7D112989BC7F00630709 /* ViewModel */ = {
			isa = PBXGroup;
			children = (
				437D7D1D2989D09400630709 /* HomeViewModel.swift */,
			);
			path = ViewModel;
			sourceTree = "<group>";
		};
/* End PBXGroup section */

/* Begin PBXNativeTarget section */
		437D7CF82989BADD00630709 /* CryptoPrices */ = {
			isa = PBXNativeTarget;
			buildConfigurationList = 437D7D072989BADD00630709 /* Build configuration list for PBXNativeTarget "CryptoPrices" */;
			buildPhases = (
				437D7CF52989BADD00630709 /* Sources */,
				437D7CF62989BADD00630709 /* Frameworks */,
				437D7CF72989BADD00630709 /* Resources */,
			);
			buildRules = (
			);
			dependencies = (
			);
			name = CryptoPrices;
			packageProductDependencies = (
				437D7D222989DD9A00630709 /* Kingfisher */,
			);
			productName = CryptoPrices;
			productReference = 437D7CF92989BADD00630709 /* CryptoPrices.app */;
			productType = "com.apple.product-type.application";
		};
/* End PBXNativeTarget section */

/* Begin PBXProject section */
		437D7CF12989BADD00630709 /* Project object */ = {
			isa = PBXProject;
			attributes = {
				BuildIndependentTargetsInParallel = 1;
				LastSwiftUpdateCheck = 1420;
				LastUpgradeCheck = 1420;
				TargetAttributes = {
					437D7CF82989BADD00630709 = {
						CreatedOnToolsVersion = 14.2;
					};
				};
			};
			buildConfigurationList = 437D7CF42989BADD00630709 /* Build configuration list for PBXProject "CryptoPrices" */;
			compatibilityVersion = "Xcode 14.0";
			developmentRegion = en;
			hasScannedForEncodings = 0;
			knownRegions = (
				en,
				Base,
			);
			mainGroup = 437D7CF02989BADD00630709;
			packageReferences = (
				437D7D212989DD9A00630709 /* XCRemoteSwiftPackageReference "Kingfisher" */,
			);
			productRefGroup = 437D7CFA2989BADD00630709 /* Products */;
			projectDirPath = "";
			projectRoot = "";
			targets = (
				437D7CF82989BADD00630709 /* CryptoPrices */,
			);
		};
/* End PBXProject section */

/* Begin PBXResourcesBuildPhase section */
		437D7CF72989BADD00630709 /* Resources */ = {
			isa = PBXResourcesBuildPhase;
			buildActionMask = 2147483647;
			files = (
				437D7D042989BADD00630709 /* Preview Assets.xcassets in Resources */,
				437D7D012989BADD00630709 /* Assets.xcassets in Resources */,
			);
			runOnlyForDeploymentPostprocessing = 0;
		};
/* End PBXResourcesBuildPhase section */

/* Begin PBXSourcesBuildPhase section */
		437D7CF52989BADD00630709 /* Sources */ = {
			isa = PBXSourcesBuildPhase;
			buildActionMask = 2147483647;
			files = (
				437D7D202989D35B00630709 /* Coin.swift in Sources */,
				437D7D152989BD9B00630709 /* TopMoversView.swift in Sources */,
				437D7D1A2989C30600630709 /* AllCoinsView.swift in Sources */,
				437D7D132989BCA300630709 /* HomeView.swift in Sources */,
				437D7D1E2989D09400630709 /* HomeViewModel.swift in Sources */,
				437D7CFD2989BADD00630709 /* CryptoPricesApp.swift in Sources */,
				437D7D172989BDB400630709 /* TopMoversItemView.swift in Sources */,
				437D7D252989DE6A00630709 /* Double.swift in Sources */,
				437D7D1C2989C31600630709 /* CoinRowView.swift in Sources */,
			);
			runOnlyForDeploymentPostprocessing = 0;
		};
/* End PBXSourcesBuildPhase section */

/* Begin XCBuildConfiguration section */
		437D7D052989BADD00630709 /* Debug */ = {
			isa = XCBuildConfiguration;
			buildSettings = {
				ALWAYS_SEARCH_USER_PATHS = NO;
				CLANG_ANALYZER_NONNULL = YES;
				CLANG_ANALYZER_NUMBER_OBJECT_CONVERSION = YES_AGGRESSIVE;
				CLANG_CXX_LANGUAGE_STANDARD = "gnu++20";
				CLANG_ENABLE_MODULES = YES;
				CLANG_ENABLE_OBJC_ARC = YES;
				CLANG_ENABLE_OBJC_WEAK = YES;
				CLANG_WARN_BLOCK_CAPTURE_AUTORELEASING = YES;
				CLANG_WARN_BOOL_CONVERSION = YES;
				CLANG_WARN_COMMA = YES;
				CLANG_WARN_CONSTANT_CONVERSION = YES;
				CLANG_WARN_DEPRECATED_OBJC_IMPLEMENTATIONS = YES;
				CLANG_WARN_DIRECT_OBJC_ISA_USAGE = YES_ERROR;
				CLANG_WARN_DOCUMENTATION_COMMENTS = YES;
				CLANG_WARN_EMPTY_BODY = YES;
				CLANG_WARN_ENUM_CONVERSION = YES;
				CLANG_WARN_INFINITE_RECURSION = YES;
				CLANG_WARN_INT_CONVERSION = YES;
				CLANG_WARN_NON_LITERAL_NULL_CONVERSION = YES;
				CLANG_WARN_OBJC_IMPLICIT_RETAIN_SELF = YES;
				CLANG_WARN_OBJC_LITERAL_CONVERSION = YES;
				CLANG_WARN_OBJC_ROOT_CLASS = YES_ERROR;
				CLANG_WARN_QUOTED_INCLUDE_IN_FRAMEWORK_HEADER = YES;
				CLANG_WARN_RANGE_LOOP_ANALYSIS = YES;
				CLANG_WARN_STRICT_PROTOTYPES = YES;
				CLANG_WARN_SUSPICIOUS_MOVE = YES;
				CLANG_WARN_UNGUARDED_AVAILABILITY = YES_AGGRESSIVE;
				CLANG_WARN_UNREACHABLE_CODE = YES;
				CLANG_WARN__DUPLICATE_METHOD_MATCH = YES;
				COPY_PHASE_STRIP = NO;
				DEBUG_INFORMATION_FORMAT = dwarf;
				ENABLE_STRICT_OBJC_MSGSEND = YES;
				ENABLE_TESTABILITY = YES;
				GCC_C_LANGUAGE_STANDARD = gnu11;
				GCC_DYNAMIC_NO_PIC = NO;
				GCC_NO_COMMON_BLOCKS = YES;
				GCC_OPTIMIZATION_LEVEL = 0;
				GCC_PREPROCESSOR_DEFINITIONS = (
					"DEBUG=1",
					"$(inherited)",
				);
				GCC_WARN_64_TO_32_BIT_CONVERSION = YES;
				GCC_WARN_ABOUT_RETURN_TYPE = YES_ERROR;
				GCC_WARN_UNDECLARED_SELECTOR = YES;
				GCC_WARN_UNINITIALIZED_AUTOS = YES_AGGRESSIVE;
				GCC_WARN_UNUSED_FUNCTION = YES;
				GCC_WARN_UNUSED_VARIABLE = YES;
				IPHONEOS_DEPLOYMENT_TARGET = 16.2;
				MTL_ENABLE_DEBUG_INFO = INCLUDE_SOURCE;
				MTL_FAST_MATH = YES;
				ONLY_ACTIVE_ARCH = YES;
				SDKROOT = iphoneos;
				SWIFT_ACTIVE_COMPILATION_CONDITIONS = DEBUG;
				SWIFT_OPTIMIZATION_LEVEL = "-Onone";
			};
			name = Debug;
		};
		437D7D062989BADD00630709 /* Release */ = {
			isa = XCBuildConfiguration;
			buildSettings = {
				ALWAYS_SEARCH_USER_PATHS = NO;
				CLANG_ANALYZER_NONNULL = YES;
				CLANG_ANALYZER_NUMBER_OBJECT_CONVERSION = YES_AGGRESSIVE;
				CLANG_CXX_LANGUAGE_STANDARD = "gnu++20";
				CLANG_ENABLE_MODULES = YES;
				CLANG_ENABLE_OBJC_ARC = YES;
				CLANG_ENABLE_OBJC_WEAK = YES;
				CLANG_WARN_BLOCK_CAPTURE_AUTORELEASING = YES;
				CLANG_WARN_BOOL_CONVERSION = YES;
				CLANG_WARN_COMMA = YES;
				CLANG_WARN_CONSTANT_CONVERSION = YES;
				CLANG_WARN_DEPRECATED_OBJC_IMPLEMENTATIONS = YES;
				CLANG_WARN_DIRECT_OBJC_ISA_USAGE = YES_ERROR;
				CLANG_WARN_DOCUMENTATION_COMMENTS = YES;
				CLANG_WARN_EMPTY_BODY = YES;
				CLANG_WARN_ENUM_CONVERSION = YES;
				CLANG_WARN_INFINITE_RECURSION = YES;
				CLANG_WARN_INT_CONVERSION = YES;
				CLANG_WARN_NON_LITERAL_NULL_CONVERSION = YES;
				CLANG_WARN_OBJC_IMPLICIT_RETAIN_SELF = YES;
				CLANG_WARN_OBJC_LITERAL_CONVERSION = YES;
				CLANG_WARN_OBJC_ROOT_CLASS = YES_ERROR;
				CLANG_WARN_QUOTED_INCLUDE_IN_FRAMEWORK_HEADER = YES;
				CLANG_WARN_RANGE_LOOP_ANALYSIS = YES;
				CLANG_WARN_STRICT_PROTOTYPES = YES;
				CLANG_WARN_SUSPICIOUS_MOVE = YES;
				CLANG_WARN_UNGUARDED_AVAILABILITY = YES_AGGRESSIVE;
				CLANG_WARN_UNREACHABLE_CODE = YES;
				CLANG_WARN__DUPLICATE_METHOD_MATCH = YES;
				COPY_PHASE_STRIP = NO;
				DEBUG_INFORMATION_FORMAT = "dwarf-with-dsym";
				ENABLE_NS_ASSERTIONS = NO;
				ENABLE_STRICT_OBJC_MSGSEND = YES;
				GCC_C_LANGUAGE_STANDARD = gnu11;
				GCC_NO_COMMON_BLOCKS = YES;
				GCC_WARN_64_TO_32_BIT_CONVERSION = YES;
				GCC_WARN_ABOUT_RETURN_TYPE = YES_ERROR;
				GCC_WARN_UNDECLARED_SELECTOR = YES;
				GCC_WARN_UNINITIALIZED_AUTOS = YES_AGGRESSIVE;
				GCC_WARN_UNUSED_FUNCTION = YES;
				GCC_WARN_UNUSED_VARIABLE = YES;
				IPHONEOS_DEPLOYMENT_TARGET = 16.2;
				MTL_ENABLE_DEBUG_INFO = NO;
				MTL_FAST_MATH = YES;
				SDKROOT = iphoneos;
				SWIFT_COMPILATION_MODE = wholemodule;
				SWIFT_OPTIMIZATION_LEVEL = "-O";
				VALIDATE_PRODUCT = YES;
			};
			name = Release;
		};
		437D7D082989BADD00630709 /* Debug */ = {
			isa = XCBuildConfiguration;
			buildSettings = {
				ASSETCATALOG_COMPILER_APPICON_NAME = AppIcon;
				ASSETCATALOG_COMPILER_GLOBAL_ACCENT_COLOR_NAME = AccentColor;
				CODE_SIGN_STYLE = Automatic;
				CURRENT_PROJECT_VERSION = 1;
				DEVELOPMENT_ASSET_PATHS = "\"CryptoPrices/Preview Content\"";
				DEVELOPMENT_TEAM = 72SVK4HY2X;
				ENABLE_PREVIEWS = YES;
				GENERATE_INFOPLIST_FILE = YES;
				INFOPLIST_KEY_UIApplicationSceneManifest_Generation = YES;
				INFOPLIST_KEY_UIApplicationSupportsIndirectInputEvents = YES;
				INFOPLIST_KEY_UILaunchScreen_Generation = YES;
				INFOPLIST_KEY_UISupportedInterfaceOrientations_iPad = "UIInterfaceOrientationPortrait UIInterfaceOrientationPortraitUpsideDown UIInterfaceOrientationLandscapeLeft UIInterfaceOrientationLandscapeRight";
				INFOPLIST_KEY_UISupportedInterfaceOrientations_iPhone = "UIInterfaceOrientationPortrait UIInterfaceOrientationLandscapeLeft UIInterfaceOrientationLandscapeRight";
				LD_RUNPATH_SEARCH_PATHS = (
					"$(inherited)",
					"@executable_path/Frameworks",
				);
				MARKETING_VERSION = 1.0;
				PRODUCT_BUNDLE_IDENTIFIER = com.zedsfeat.CryptoPrices;
				PRODUCT_NAME = "$(TARGET_NAME)";
				SWIFT_EMIT_LOC_STRINGS = YES;
				SWIFT_VERSION = 5.0;
				TARGETED_DEVICE_FAMILY = "1,2";
			};
			name = Debug;
		};
		437D7D092989BADD00630709 /* Release */ = {
			isa = XCBuildConfiguration;
			buildSettings = {
				ASSETCATALOG_COMPILER_APPICON_NAME = AppIcon;
				ASSETCATALOG_COMPILER_GLOBAL_ACCENT_COLOR_NAME = AccentColor;
				CODE_SIGN_STYLE = Automatic;
				CURRENT_PROJECT_VERSION = 1;
				DEVELOPMENT_ASSET_PATHS = "\"CryptoPrices/Preview Content\"";
				DEVELOPMENT_TEAM = 72SVK4HY2X;
				ENABLE_PREVIEWS = YES;
				GENERATE_INFOPLIST_FILE = YES;
				INFOPLIST_KEY_UIApplicationSceneManifest_Generation = YES;
				INFOPLIST_KEY_UIApplicationSupportsIndirectInputEvents = YES;
				INFOPLIST_KEY_UILaunchScreen_Generation = YES;
				INFOPLIST_KEY_UISupportedInterfaceOrientations_iPad = "UIInterfaceOrientationPortrait UIInterfaceOrientationPortraitUpsideDown UIInterfaceOrientationLandscapeLeft UIInterfaceOrientationLandscapeRight";
				INFOPLIST_KEY_UISupportedInterfaceOrientations_iPhone = "UIInterfaceOrientationPortrait UIInterfaceOrientationLandscapeLeft UIInterfaceOrientationLandscapeRight";
				LD_RUNPATH_SEARCH_PATHS = (
					"$(inherited)",
					"@executable_path/Frameworks",
				);
				MARKETING_VERSION = 1.0;
				PRODUCT_BUNDLE_IDENTIFIER = com.zedsfeat.CryptoPrices;
				PRODUCT_NAME = "$(TARGET_NAME)";
				SWIFT_EMIT_LOC_STRINGS = YES;
				SWIFT_VERSION = 5.0;
				TARGETED_DEVICE_FAMILY = "1,2";
			};
			name = Release;
		};
/* End XCBuildConfiguration section */

/* Begin XCConfigurationList section */
		437D7CF42989BADD00630709 /* Build configuration list for PBXProject "CryptoPrices" */ = {
			isa = XCConfigurationList;
			buildConfigurations = (
				437D7D052989BADD00630709 /* Debug */,
				437D7D062989BADD00630709 /* Release */,
			);
			defaultConfigurationIsVisible = 0;
			defaultConfigurationName = Release;
		};
		437D7D072989BADD00630709 /* Build configuration list for PBXNativeTarget "CryptoPrices" */ = {
			isa = XCConfigurationList;
			buildConfigurations = (
				437D7D082989BADD00630709 /* Debug */,
				437D7D092989BADD00630709 /* Release */,
			);
			defaultConfigurationIsVisible = 0;
			defaultConfigurationName = Release;
		};
/* End XCConfigurationList section */

/* Begin XCRemoteSwiftPackageReference section */
		437D7D212989DD9A00630709 /* XCRemoteSwiftPackageReference "Kingfisher" */ = {
			isa = XCRemoteSwiftPackageReference;
			repositoryURL = "https://github.com/onevcat/Kingfisher.git";
			requirement = {
				kind = upToNextMajorVersion;
				minimumVersion = 7.0.0;
			};
		};
/* End XCRemoteSwiftPackageReference section */

/* Begin XCSwiftPackageProductDependency section */
		437D7D222989DD9A00630709 /* Kingfisher */ = {
			isa = XCSwiftPackageProductDependency;
			package = 437D7D212989DD9A00630709 /* XCRemoteSwiftPackageReference "Kingfisher" */;
			productName = Kingfisher;
		};
/* End XCSwiftPackageProductDependency section */
	};
	rootObject = 437D7CF12989BADD00630709 /* Project object */;
}
